// !$*UTF8*$!
{
	archiveVersion = 1;
	classes = {
	};
	objectVersion = 48;
	objects = {

/* Begin PBXBuildFile section */
		C2D5FA901FCC0789007748FE /* AppDelegate.m in Sources */ = {isa = PBXBuildFile; fileRef = C2D5FA8F1FCC0789007748FE /* AppDelegate.m */; };
		C2D5FA931FCC0789007748FE /* ViewController.m in Sources */ = {isa = PBXBuildFile; fileRef = C2D5FA921FCC0789007748FE /* ViewController.m */; };
		C2D5FA961FCC0789007748FE /* Main.storyboard in Resources */ = {isa = PBXBuildFile; fileRef = C2D5FA941FCC0789007748FE /* Main.storyboard */; };
		C2D5FA981FCC0789007748FE /* Assets.xcassets in Resources */ = {isa = PBXBuildFile; fileRef = C2D5FA971FCC0789007748FE /* Assets.xcassets */; };
		C2D5FA9B1FCC0789007748FE /* LaunchScreen.storyboard in Resources */ = {isa = PBXBuildFile; fileRef = C2D5FA991FCC0789007748FE /* LaunchScreen.storyboard */; };
		C2D5FA9E1FCC0789007748FE /* main.m in Sources */ = {isa = PBXBuildFile; fileRef = C2D5FA9D1FCC0789007748FE /* main.m */; };
		C2D5FAA81FCC0789007748FE /* XDStreamingKitDemoTests.m in Sources */ = {isa = PBXBuildFile; fileRef = C2D5FAA71FCC0789007748FE /* XDStreamingKitDemoTests.m */; };
/* End PBXBuildFile section */

/* Begin PBXContainerItemProxy section */
		C2D5FAA41FCC0789007748FE /* PBXContainerItemProxy */ = {
			isa = PBXContainerItemProxy;
			containerPortal = C2D5FA831FCC0789007748FE /* Project object */;
			proxyType = 1;
			remoteGlobalIDString = C2D5FA8A1FCC0789007748FE;
			remoteInfo = XDStreamingKitDemo;
		};
/* End PBXContainerItemProxy section */

/* Begin PBXFileReference section */
		C2D5FA8B1FCC0789007748FE /* XDStreamingKitDemo.app */ = {isa = PBXFileReference; explicitFileType = wrapper.application; includeInIndex = 0; path = XDStreamingKitDemo.app; sourceTree = BUILT_PRODUCTS_DIR; };
		C2D5FA8E1FCC0789007748FE /* AppDelegate.h */ = {isa = PBXFileReference; lastKnownFileType = sourcecode.c.h; path = AppDelegate.h; sourceTree = "<group>"; };
		C2D5FA8F1FCC0789007748FE /* AppDelegate.m */ = {isa = PBXFileReference; lastKnownFileType = sourcecode.c.objc; path = AppDelegate.m; sourceTree = "<group>"; };
		C2D5FA911FCC0789007748FE /* ViewController.h */ = {isa = PBXFileReference; lastKnownFileType = sourcecode.c.h; path = ViewController.h; sourceTree = "<group>"; };
		C2D5FA921FCC0789007748FE /* ViewController.m */ = {isa = PBXFileReference; lastKnownFileType = sourcecode.c.objc; path = ViewController.m; sourceTree = "<group>"; };
		C2D5FA951FCC0789007748FE /* Base */ = {isa = PBXFileReference; lastKnownFileType = file.storyboard; name = Base; path = Base.lproj/Main.storyboard; sourceTree = "<group>"; };
		C2D5FA971FCC0789007748FE /* Assets.xcassets */ = {isa = PBXFileReference; lastKnownFileType = folder.assetcatalog; path = Assets.xcassets; sourceTree = "<group>"; };
		C2D5FA9A1FCC0789007748FE /* Base */ = {isa = PBXFileReference; lastKnownFileType = file.storyboard; name = Base; path = Base.lproj/LaunchScreen.storyboard; sourceTree = "<group>"; };
		C2D5FA9C1FCC0789007748FE /* Info.plist */ = {isa = PBXFileReference; lastKnownFileType = text.plist.xml; path = Info.plist; sourceTree = "<group>"; };
		C2D5FA9D1FCC0789007748FE /* main.m */ = {isa = PBXFileReference; lastKnownFileType = sourcecode.c.objc; path = main.m; sourceTree = "<group>"; };
		C2D5FAA31FCC0789007748FE /* XDStreamingKitDemoTests.xctest */ = {isa = PBXFileReference; explicitFileType = wrapper.cfbundle; includeInIndex = 0; path = XDStreamingKitDemoTests.xctest; sourceTree = BUILT_PRODUCTS_DIR; };
		C2D5FAA71FCC0789007748FE /* XDStreamingKitDemoTests.m */ = {isa = PBXFileReference; lastKnownFileType = sourcecode.c.objc; path = XDStreamingKitDemoTests.m; sourceTree = "<group>"; };
		C2D5FAA91FCC0789007748FE /* Info.plist */ = {isa = PBXFileReference; lastKnownFileType = text.plist.xml; path = Info.plist; sourceTree = "<group>"; };
/* End PBXFileReference section */

/* Begin PBXFrameworksBuildPhase section */
		C2D5FA881FCC0789007748FE /* Frameworks */ = {
			isa = PBXFrameworksBuildPhase;
			buildActionMask = 2147483647;
			files = (
			);
			runOnlyForDeploymentPostprocessing = 0;
		};
		C2D5FAA01FCC0789007748FE /* Frameworks */ = {
			isa = PBXFrameworksBuildPhase;
			buildActionMask = 2147483647;
			files = (
			);
			runOnlyForDeploymentPostprocessing = 0;
		};
/* End PBXFrameworksBuildPhase section */

/* Begin PBXGroup section */
		C2D5FA821FCC0789007748FE = {
			isa = PBXGroup;
			children = (
				C2D5FA8D1FCC0789007748FE /* XDStreamingKitDemo */,
				C2D5FAA61FCC0789007748FE /* XDStreamingKitDemoTests */,
				C2D5FA8C1FCC0789007748FE /* Products */,
			);
			sourceTree = "<group>";
		};
		C2D5FA8C1FCC0789007748FE /* Products */ = {
			isa = PBXGroup;
			children = (
				C2D5FA8B1FCC0789007748FE /* XDStreamingKitDemo.app */,
				C2D5FAA31FCC0789007748FE /* XDStreamingKitDemoTests.xctest */,
			);
			name = Products;
			sourceTree = "<group>";
		};
		C2D5FA8D1FCC0789007748FE /* XDStreamingKitDemo */ = {
			isa = PBXGroup;
			children = (
				C2D5FA8E1FCC0789007748FE /* AppDelegate.h */,
				C2D5FA8F1FCC0789007748FE /* AppDelegate.m */,
				C2D5FA911FCC0789007748FE /* ViewController.h */,
				C2D5FA921FCC0789007748FE /* ViewController.m */,
				C2D5FA941FCC0789007748FE /* Main.storyboard */,
				C2D5FA971FCC0789007748FE /* Assets.xcassets */,
				C2D5FA991FCC0789007748FE /* LaunchScreen.storyboard */,
				C2D5FA9C1FCC0789007748FE /* Info.plist */,
				C2D5FA9D1FCC0789007748FE /* main.m */,
			);
			path = XDStreamingKitDemo;
			sourceTree = "<group>";
		};
		C2D5FAA61FCC0789007748FE /* XDStreamingKitDemoTests */ = {
			isa = PBXGroup;
			children = (
				C2D5FAA71FCC0789007748FE /* XDStreamingKitDemoTests.m */,
				C2D5FAA91FCC0789007748FE /* Info.plist */,
			);
			path = XDStreamingKitDemoTests;
			sourceTree = "<group>";
		};
/* End PBXGroup section */

/* Begin PBXNativeTarget section */
		C2D5FA8A1FCC0789007748FE /* XDStreamingKitDemo */ = {
			isa = PBXNativeTarget;
			buildConfigurationList = C2D5FAAC1FCC0789007748FE /* Build configuration list for PBXNativeTarget "XDStreamingKitDemo" */;
			buildPhases = (
				C2D5FA871FCC0789007748FE /* Sources */,
				C2D5FA881FCC0789007748FE /* Frameworks */,
				C2D5FA891FCC0789007748FE /* Resources */,
			);
			buildRules = (
			);
			dependencies = (
			);
			name = XDStreamingKitDemo;
			productName = XDStreamingKitDemo;
			productReference = C2D5FA8B1FCC0789007748FE /* XDStreamingKitDemo.app */;
			productType = "com.apple.product-type.application";
		};
		C2D5FAA21FCC0789007748FE /* XDStreamingKitDemoTests */ = {
			isa = PBXNativeTarget;
			buildConfigurationList = C2D5FAAF1FCC0789007748FE /* Build configuration list for PBXNativeTarget "XDStreamingKitDemoTests" */;
			buildPhases = (
				C2D5FA9F1FCC0789007748FE /* Sources */,
				C2D5FAA01FCC0789007748FE /* Frameworks */,
				C2D5FAA11FCC0789007748FE /* Resources */,
			);
			buildRules = (
			);
			dependencies = (
				C2D5FAA51FCC0789007748FE /* PBXTargetDependency */,
			);
			name = XDStreamingKitDemoTests;
			productName = XDStreamingKitDemoTests;
			productReference = C2D5FAA31FCC0789007748FE /* XDStreamingKitDemoTests.xctest */;
			productType = "com.apple.product-type.bundle.unit-test";
		};
/* End PBXNativeTarget section */

/* Begin PBXProject section */
		C2D5FA831FCC0789007748FE /* Project object */ = {
			isa = PBXProject;
			attributes = {
				LastUpgradeCheck = 0910;
				ORGANIZATIONNAME = mark;
				TargetAttributes = {
					C2D5FA8A1FCC0789007748FE = {
						CreatedOnToolsVersion = 9.1;
						ProvisioningStyle = Automatic;
					};
					C2D5FAA21FCC0789007748FE = {
						CreatedOnToolsVersion = 9.1;
						ProvisioningStyle = Automatic;
						TestTargetID = C2D5FA8A1FCC0789007748FE;
					};
				};
			};
			buildConfigurationList = C2D5FA861FCC0789007748FE /* Build configuration list for PBXProject "XDStreamingKitDemo" */;
			compatibilityVersion = "Xcode 8.0";
			developmentRegion = en;
			hasScannedForEncodings = 0;
			knownRegions = (
				en,
				Base,
			);
			mainGroup = C2D5FA821FCC0789007748FE;
			productRefGroup = C2D5FA8C1FCC0789007748FE /* Products */;
			projectDirPath = "";
			projectRoot = "";
			targets = (
				C2D5FA8A1FCC0789007748FE /* XDStreamingKitDemo */,
				C2D5FAA21FCC0789007748FE /* XDStreamingKitDemoTests */,
			);
		};
/* End PBXProject section */

/* Begin PBXResourcesBuildPhase section */
		C2D5FA891FCC0789007748FE /* Resources */ = {
			isa = PBXResourcesBuildPhase;
			buildActionMask = 2147483647;
			files = (
				C2D5FA9B1FCC0789007748FE /* LaunchScreen.storyboard in Resources */,
				C2D5FA981FCC0789007748FE /* Assets.xcassets in Resources */,
				C2D5FA961FCC0789007748FE /* Main.storyboard in Resources */,
			);
			runOnlyForDeploymentPostprocessing = 0;
		};
		C2D5FAA11FCC0789007748FE /* Resources */ = {
			isa = PBXResourcesBuildPhase;
			buildActionMask = 2147483647;
			files = (
			);
			runOnlyForDeploymentPostprocessing = 0;
		};
/* End PBXResourcesBuildPhase section */

/* Begin PBXSourcesBuildPhase section */
		C2D5FA871FCC0789007748FE /* Sources */ = {
			isa = PBXSourcesBuildPhase;
			buildActionMask = 2147483647;
			files = (
				C2D5FA931FCC0789007748FE /* ViewController.m in Sources */,
				C2D5FA9E1FCC0789007748FE /* main.m in Sources */,
				C2D5FA901FCC0789007748FE /* AppDelegate.m in Sources */,
			);
			runOnlyForDeploymentPostprocessing = 0;
		};
		C2D5FA9F1FCC0789007748FE /* Sources */ = {
			isa = PBXSourcesBuildPhase;
			buildActionMask = 2147483647;
			files = (
				C2D5FAA81FCC0789007748FE /* XDStreamingKitDemoTests.m in Sources */,
			);
			runOnlyForDeploymentPostprocessing = 0;
		};
/* End PBXSourcesBuildPhase section */

/* Begin PBXTargetDependency section */
		C2D5FAA51FCC0789007748FE /* PBXTargetDependency */ = {
			isa = PBXTargetDependency;
			target = C2D5FA8A1FCC0789007748FE /* XDStreamingKitDemo */;
			targetProxy = C2D5FAA41FCC0789007748FE /* PBXContainerItemProxy */;
		};
/* End PBXTargetDependency section */

/* Begin PBXVariantGroup section */
		C2D5FA941FCC0789007748FE /* Main.storyboard */ = {
			isa = PBXVariantGroup;
			children = (
				C2D5FA951FCC0789007748FE /* Base */,
			);
			name = Main.storyboard;
			sourceTree = "<group>";
		};
		C2D5FA991FCC0789007748FE /* LaunchScreen.storyboard */ = {
			isa = PBXVariantGroup;
			children = (
				C2D5FA9A1FCC0789007748FE /* Base */,
			);
			name = LaunchScreen.storyboard;
			sourceTree = "<group>";
		};
/* End PBXVariantGroup section */

/* Begin XCBuildConfiguration section */
		C2D5FAAA1FCC0789007748FE /* Debug */ = {
			isa = XCBuildConfiguration;
			buildSettings = {
				ALWAYS_SEARCH_USER_PATHS = NO;
				CLANG_ANALYZER_NONNULL = YES;
				CLANG_ANALYZER_NUMBER_OBJECT_CONVERSION = YES_AGGRESSIVE;
				CLANG_CXX_LANGUAGE_STANDARD = "gnu++14";
				CLANG_CXX_LIBRARY = "libc++";
				CLANG_ENABLE_MODULES = YES;
				CLANG_ENABLE_OBJC_ARC = YES;
				CLANG_WARN_BLOCK_CAPTURE_AUTORELEASING = YES;
				CLANG_WARN_BOOL_CONVERSION = YES;
				CLANG_WARN_COMMA = YES;
				CLANG_WARN_CONSTANT_CONVERSION = YES;
				CLANG_WARN_DIRECT_OBJC_ISA_USAGE = YES_ERROR;
				CLANG_WARN_DOCUMENTATION_COMMENTS = YES;
				CLANG_WARN_EMPTY_BODY = YES;
				CLANG_WARN_ENUM_CONVERSION = YES;
				CLANG_WARN_INFINITE_RECURSION = YES;
				CLANG_WARN_INT_CONVERSION = YES;
				CLANG_WARN_NON_LITERAL_NULL_CONVERSION = YES;
				CLANG_WARN_OBJC_LITERAL_CONVERSION = YES;
				CLANG_WARN_OBJC_ROOT_CLASS = YES_ERROR;
				CLANG_WARN_RANGE_LOOP_ANALYSIS = YES;
				CLANG_WARN_STRICT_PROTOTYPES = YES;
				CLANG_WARN_SUSPICIOUS_MOVE = YES;
				CLANG_WARN_UNGUARDED_AVAILABILITY = YES_AGGRESSIVE;
				CLANG_WARN_UNREACHABLE_CODE = YES;
				CLANG_WARN__DUPLICATE_METHOD_MATCH = YES;
				CODE_SIGN_IDENTITY = "iPhone Developer";
				COPY_PHASE_STRIP = NO;
				DEBUG_INFORMATION_FORMAT = dwarf;
				ENABLE_STRICT_OBJC_MSGSEND = YES;
				ENABLE_TESTABILITY = YES;
				GCC_C_LANGUAGE_STANDARD = gnu11;
				GCC_DYNAMIC_NO_PIC = NO;
				GCC_NO_COMMON_BLOCKS = YES;
				GCC_OPTIMIZATION_LEVEL = 0;
				GCC_PREPROCESSOR_DEFINITIONS = (
					"DEBUG=1",
					"$(inherited)",
				);
				GCC_WARN_64_TO_32_BIT_CONVERSION = YES;
				GCC_WARN_ABOUT_RETURN_TYPE = YES_ERROR;
				GCC_WARN_UNDECLARED_SELECTOR = YES;
				GCC_WARN_UNINITIALIZED_AUTOS = YES_AGGRESSIVE;
				GCC_WARN_UNUSED_FUNCTION = YES;
				GCC_WARN_UNUSED_VARIABLE = YES;
				IPHONEOS_DEPLOYMENT_TARGET = 11.1;
				MTL_ENABLE_DEBUG_INFO = YES;
				ONLY_ACTIVE_ARCH = YES;
				SDKROOT = iphoneos;
			};
			name = Debug;
		};
		C2D5FAAB1FCC0789007748FE /* Release */ = {
			isa = XCBuildConfiguration;
			buildSettings = {
				ALWAYS_SEARCH_USER_PATHS = NO;
				CLANG_ANALYZER_NONNULL = YES;
				CLANG_ANALYZER_NUMBER_OBJECT_CONVERSION = YES_AGGRESSIVE;
				CLANG_CXX_LANGUAGE_STANDARD = "gnu++14";
				CLANG_CXX_LIBRARY = "libc++";
				CLANG_ENABLE_MODULES = YES;
				CLANG_ENABLE_OBJC_ARC = YES;
				CLANG_WARN_BLOCK_CAPTURE_AUTORELEASING = YES;
				CLANG_WARN_BOOL_CONVERSION = YES;
				CLANG_WARN_COMMA = YES;
				CLANG_WARN_CONSTANT_CONVERSION = YES;
				CLANG_WARN_DIRECT_OBJC_ISA_USAGE = YES_ERROR;
				CLANG_WARN_DOCUMENTATION_COMMENTS = YES;
				CLANG_WARN_EMPTY_BODY = YES;
				CLANG_WARN_ENUM_CONVERSION = YES;
				CLANG_WARN_INFINITE_RECURSION = YES;
				CLANG_WARN_INT_CONVERSION = YES;
				CLANG_WARN_NON_LITERAL_NULL_CONVERSION = YES;
				CLANG_WARN_OBJC_LITERAL_CONVERSION = YES;
				CLANG_WARN_OBJC_ROOT_CLASS = YES_ERROR;
				CLANG_WARN_RANGE_LOOP_ANALYSIS = YES;
				CLANG_WARN_STRICT_PROTOTYPES = YES;
				CLANG_WARN_SUSPICIOUS_MOVE = YES;
				CLANG_WARN_UNGUARDED_AVAILABILITY = YES_AGGRESSIVE;
				CLANG_WARN_UNREACHABLE_CODE = YES;
				CLANG_WARN__DUPLICATE_METHOD_MATCH = YES;
				CODE_SIGN_IDENTITY = "iPhone Developer";
				COPY_PHASE_STRIP = NO;
				DEBUG_INFORMATION_FORMAT = "dwarf-with-dsym";
				ENABLE_NS_ASSERTIONS = NO;
				ENABLE_STRICT_OBJC_MSGSEND = YES;
				GCC_C_LANGUAGE_STANDARD = gnu11;
				GCC_NO_COMMON_BLOCKS = YES;
				GCC_WARN_64_TO_32_BIT_CONVERSION = YES;
				GCC_WARN_ABOUT_RETURN_TYPE = YES_ERROR;
				GCC_WARN_UNDECLARED_SELECTOR = YES;
				GCC_WARN_UNINITIALIZED_AUTOS = YES_AGGRESSIVE;
				GCC_WARN_UNUSED_FUNCTION = YES;
				GCC_WARN_UNUSED_VARIABLE = YES;
				IPHONEOS_DEPLOYMENT_TARGET = 11.1;
				MTL_ENABLE_DEBUG_INFO = NO;
				SDKROOT = iphoneos;
				VALIDATE_PRODUCT = YES;
			};
			name = Release;
		};
		C2D5FAAD1FCC0789007748FE /* Debug */ = {
			isa = XCBuildConfiguration;
			buildSettings = {
				ASSETCATALOG_COMPILER_APPICON_NAME = AppIcon;
				CODE_SIGN_STYLE = Automatic;
				DEVELOPMENT_TEAM = 2JD4HP5Q3M;
				INFOPLIST_FILE = XDStreamingKitDemo/Info.plist;
				LD_RUNPATH_SEARCH_PATHS = "$(inherited) @executable_path/Frameworks";
				PRODUCT_BUNDLE_IDENTIFIER = com.markmiao.XDStreamingKitDemo;
				PRODUCT_NAME = "$(TARGET_NAME)";
				TARGETED_DEVICE_FAMILY = "1,2";
			};
			name = Debug;
		};
		C2D5FAAE1FCC0789007748FE /* Release */ = {
			isa = XCBuildConfiguration;
			buildSettings = {
				ASSETCATALOG_COMPILER_APPICON_NAME = AppIcon;
				CODE_SIGN_STYLE = Automatic;
				DEVELOPMENT_TEAM = 2JD4HP5Q3M;
				INFOPLIST_FILE = XDStreamingKitDemo/Info.plist;
				LD_RUNPATH_SEARCH_PATHS = "$(inherited) @executable_path/Frameworks";
				PRODUCT_BUNDLE_IDENTIFIER = com.markmiao.XDStreamingKitDemo;
				PRODUCT_NAME = "$(TARGET_NAME)";
				TARGETED_DEVICE_FAMILY = "1,2";
			};
			name = Release;
		};
		C2D5FAB01FCC0789007748FE /* Debug */ = {
			isa = XCBuildConfiguration;
			buildSettings = {
				BUNDLE_LOADER = "$(TEST_HOST)";
				CODE_SIGN_STYLE = Automatic;
				DEVELOPMENT_TEAM = 2JD4HP5Q3M;
				INFOPLIST_FILE = XDStreamingKitDemoTests/Info.plist;
				LD_RUNPATH_SEARCH_PATHS = "$(inherited) @executable_path/Frameworks @loader_path/Frameworks";
				PRODUCT_BUNDLE_IDENTIFIER = com.markmiao.XDStreamingKitDemoTests;
				PRODUCT_NAME = "$(TARGET_NAME)";
				TARGETED_DEVICE_FAMILY = "1,2";
				TEST_HOST = "$(BUILT_PRODUCTS_DIR)/XDStreamingKitDemo.app/XDStreamingKitDemo";
			};
			name = Debug;
		};
		C2D5FAB11FCC0789007748FE /* Release */ = {
			isa = XCBuildConfiguration;
			buildSettings = {
				BUNDLE_LOADER = "$(TEST_HOST)";
				CODE_SIGN_STYLE = Automatic;
				DEVELOPMENT_TEAM = 2JD4HP5Q3M;
				INFOPLIST_FILE = XDStreamingKitDemoTests/Info.plist;
				LD_RUNPATH_SEARCH_PATHS = "$(inherited) @executable_path/Frameworks @loader_path/Frameworks";
				PRODUCT_BUNDLE_IDENTIFIER = com.markmiao.XDStreamingKitDemoTests;
				PRODUCT_NAME = "$(TARGET_NAME)";
				TARGETED_DEVICE_FAMILY = "1,2";
				TEST_HOST = "$(BUILT_PRODUCTS_DIR)/XDStreamingKitDemo.app/XDStreamingKitDemo";
			};
			name = Release;
		};
/* End XCBuildConfiguration section */

/* Begin XCConfigurationList section */
		C2D5FA861FCC0789007748FE /* Build configuration list for PBXProject "XDStreamingKitDemo" */ = {
			isa = XCConfigurationList;
			buildConfigurations = (
				C2D5FAAA1FCC0789007748FE /* Debug */,
				C2D5FAAB1FCC0789007748FE /* Release */,
			);
			defaultConfigurationIsVisible = 0;
			defaultConfigurationName = Release;
		};
		C2D5FAAC1FCC0789007748FE /* Build configuration list for PBXNativeTarget "XDStreamingKitDemo" */ = {
			isa = XCConfigurationList;
			buildConfigurations = (
				C2D5FAAD1FCC0789007748FE /* Debug */,
				C2D5FAAE1FCC0789007748FE /* Release */,
			);
			defaultConfigurationIsVisible = 0;
			defaultConfigurationName = Release;
		};
		C2D5FAAF1FCC0789007748FE /* Build configuration list for PBXNativeTarget "XDStreamingKitDemoTests" */ = {
			isa = XCConfigurationList;
			buildConfigurations = (
				C2D5FAB01FCC0789007748FE /* Debug */,
				C2D5FAB11FCC0789007748FE /* Release */,
			);
			defaultConfigurationIsVisible = 0;
			defaultConfigurationName = Release;
		};
/* End XCConfigurationList section */
	};
	rootObject = C2D5FA831FCC0789007748FE /* Project object */;
}
